# THIS IS AN AUTOGENERATED FILE. DO NOT EDIT THIS FILE DIRECTLY.
# yarn lockfile v1


abbrev@1:
  version "1.1.1"
  resolved "https://registry.yarnpkg.com/abbrev/-/abbrev-1.1.1.tgz#f8f2c887ad10bf67f634f005b6987fed3179aac8"

base64-js@0.0.8:
  version "0.0.8"
  resolved "https://registry.yarnpkg.com/base64-js/-/base64-js-0.0.8.tgz#1101e9544f4a76b1bc3b26d452ca96d7a35e7978"

bplist-parser@^0.0.6:
  version "0.0.6"
  resolved "https://registry.yarnpkg.com/bplist-parser/-/bplist-parser-0.0.6.tgz#38da3471817df9d44ab3892e27707bbbd75a11b9"

bs-platform@bsansouci/bsb-native#2.1.1, bs-platform@bsansouci/bsb-native#fast, "bs-platform@github:bsansouci/bsb-native#fast":
  version "2.1.1"
  resolved "https://codeload.github.com/bsansouci/bsb-native/tar.gz/d76155b709dba032cdb11e99ebe0e2c37bcb2c85"
  dependencies:
    yauzl "^2.9.1"

buffer-crc32@~0.2.3:
  version "0.2.13"
  resolved "https://registry.yarnpkg.com/buffer-crc32/-/buffer-crc32-0.2.13.tgz#0d333e3f00eac50aa1454abd30ef8c2a5d9a7242"

fd-slicer@~1.0.1:
  version "1.0.1"
  resolved "https://registry.yarnpkg.com/fd-slicer/-/fd-slicer-1.0.1.tgz#8b5bcbd9ec327c5041bf9ab023fd6750f1177e65"
  dependencies:
    pend "~1.2.0"

ios-deploy@1.9.2:
  version "1.9.2"
  resolved "https://registry.yarnpkg.com/ios-deploy/-/ios-deploy-1.9.2.tgz#c2f4c46b06db4771939b29f980c7c1a8906b47a2"

ios-sim@6.1.2:
  version "6.1.2"
  resolved "https://registry.yarnpkg.com/ios-sim/-/ios-sim-6.1.2.tgz#7b9df7c35abd5b9d4c014248174e8b9e5b97ecc4"
  dependencies:
    bplist-parser "^0.0.6"
    nopt "1.0.9"
    plist "^1.2.0"
    simctl "^1.1.1"

lodash@^3.5.0:
  version "3.10.1"
  resolved "https://registry.yarnpkg.com/lodash/-/lodash-3.10.1.tgz#5bf45e8e49ba4189e17d482789dfd15bd140b7b6"

"matchenv@github:bsansouci/matchenv":
  version "0.1.0"
  resolved "https://codeload.github.com/bsansouci/matchenv/tar.gz/076d9d6b55c62721b289bdfa024e4f2c659e492b"
  dependencies:
    bs-platform bsansouci/bsb-native#2.1.1

minimist.re@0.0.2:
  version "0.0.2"
  resolved "https://registry.yarnpkg.com/minimist.re/-/minimist.re-0.0.2.tgz#e8717bc6de11d85b2878cbdace1fdec63a2eae81"

minimist.re@^0.0.3:
  version "0.0.3"
  resolved "https://registry.yarnpkg.com/minimist.re/-/minimist.re-0.0.3.tgz#d52bc942812943d9c2c3a90178b3fc76fcd93ca7"

nopt@1.0.9:
  version "1.0.9"
  resolved "https://registry.yarnpkg.com/nopt/-/nopt-1.0.9.tgz#3bc0d7cba7bfb0d5a676dbed7c0ebe48a4fd454e"
  dependencies:
    abbrev "1"

pack.re@0.1.0:
  version "0.1.0"
  resolved "https://registry.yarnpkg.com/pack.re/-/pack.re-0.1.0.tgz#4088761c9c1ae15151e3b87ba7d37232f978d8bb"
  dependencies:
    minimist.re "0.0.2"
    reason-cli-tools "1.0.4"
    rex-json "1.0.2"

pend@~1.2.0:
  version "1.2.0"
  resolved "https://registry.yarnpkg.com/pend/-/pend-1.2.0.tgz#7a57eb550a6783f9115331fcf4663d5c8e007a50"

plist@^1.2.0:
  version "1.2.0"
  resolved "https://registry.yarnpkg.com/plist/-/plist-1.2.0.tgz#084b5093ddc92506e259f874b8d9b1afb8c79593"
  dependencies:
    base64-js "0.0.8"
    util-deprecate "1.0.2"
    xmlbuilder "4.0.0"
    xmldom "0.1.x"

reason-cli-tools@1.0.4, reason-cli-tools@^1.0.3, reason-cli-tools@~1.0.3:
  version "1.0.4"
  resolved "https://registry.yarnpkg.com/reason-cli-tools/-/reason-cli-tools-1.0.4.tgz#a4efdaf38e383ce531460c6cd31428bc7a3c4144"
  dependencies:
    matchenv "github:bsansouci/matchenv"

reason-simple-server@^1.2.0:
  version "1.2.0"
  resolved "https://registry.yarnpkg.com/reason-simple-server/-/reason-simple-server-1.2.0.tgz#bb6250523ae3a6fc0246cd5b795a0381219b7761"
  dependencies:
    reason-cli-tools "~1.0.3"

reprocessing-scripts@bsansouci/reprocessing-scripts:
  version "1.3.5"
  resolved "https://codeload.github.com/bsansouci/reprocessing-scripts/tar.gz/fd2a6e94d1ad67dd30fa6a3bb28ff17068044c8d"
  dependencies:
    bs-platform bsansouci/bsb-native#fast
    ios-deploy "1.9.2"
    ios-sim "6.1.2"
    minimist.re "^0.0.3"
    pack.re "0.1.0"
    reason-cli-tools "^1.0.3"
    reason-simple-server "^1.2.0"
    rex-json "1.1.0"

rex-json@1.0.2:
  version "1.0.2"
  resolved "https://registry.yarnpkg.com/rex-json/-/rex-json-1.0.2.tgz#42e491e71907cb31ea8f2d29ff111191b379c257"
  dependencies:
    bs-platform bsansouci/bsb-native#fast

rex-json@1.1.0:
  version "1.1.0"
  resolved "https://registry.yarnpkg.com/rex-json/-/rex-json-1.1.0.tgz#5b6f6be8083d6c26ee3937085b6fd36db0f33c0d"
  dependencies:
    bs-platform "github:bsansouci/bsb-native#fast"

shelljs@^0.2.6:
  version "0.2.6"
  resolved "https://registry.yarnpkg.com/shelljs/-/shelljs-0.2.6.tgz#90492d72ffcc8159976baba62fb0f6884f0c3378"

simctl@^1.1.1:
  version "1.1.1"
  resolved "https://registry.yarnpkg.com/simctl/-/simctl-1.1.1.tgz#e26cc3c04e662250b4457b5b4c48cc12484f3814"
  dependencies:
    shelljs "^0.2.6"
    tail "^0.4.0"

tail@^0.4.0:
  version "0.4.0"
  resolved "https://registry.yarnpkg.com/tail/-/tail-0.4.0.tgz#d29de72750cc99db1e053aff13c359ecfb713002"

util-deprecate@1.0.2:
  version "1.0.2"
  resolved "https://registry.yarnpkg.com/util-deprecate/-/util-deprecate-1.0.2.tgz#450d4dc9fa70de732762fbd2d4a28981419a0ccf"

xmlbuilder@4.0.0:
  version "4.0.0"
  resolved "https://registry.yarnpkg.com/xmlbuilder/-/xmlbuilder-4.0.0.tgz#98b8f651ca30aa624036f127d11cc66dc7b907a3"
  dependencies:
    lodash "^3.5.0"

xmldom@0.1.x:
  version "0.1.27"
  resolved "https://registry.yarnpkg.com/xmldom/-/xmldom-0.1.27.tgz#d501f97b3bdb403af8ef9ecc20573187aadac0e9"

yauzl@^2.9.1:
  version "2.9.1"
  resolved "https://registry.yarnpkg.com/yauzl/-/yauzl-2.9.1.tgz#a81981ea70a57946133883f029c5821a89359a7f"
  dependencies:
    buffer-crc32 "~0.2.3"
    fd-slicer "~1.0.1"
